
Microsoft Visual Studio Solution File, Format Version 12.00
# Visual Studio Version 16
VisualStudioVersion = 16.0.29306.81
MinimumVisualStudioVersion = 10.0.40219.1
Project("{2150E333-8FDC-42A3-9474-1A3956D46DE8}") = "1 - Services", "1 - Services", "{A57D2295-0924-4B5A-B6A2-B97522B7E2A8}"
EndProject
Project("{2150E333-8FDC-42A3-9474-1A3956D46DE8}") = "2 - Domain", "2 - Domain", "{114FF471-7A89-4DA7-8EBB-249D58449FA3}"
EndProject
Project("{2150E333-8FDC-42A3-9474-1A3956D46DE8}") = "3 - Repository", "3 - Repository", "{7B1F20D5-66D3-4B3E-B9FE-2A83D712B727}"
EndProject
Project("{2150E333-8FDC-42A3-9474-1A3956D46DE8}") = "4 - Tests", "4 - Tests", "{5B5C87DC-CB35-4758-9AB4-9B2BB9E8C0ED}"
EndProject
Project("{FAE04EC0-301F-11D3-BF4B-00C04F79EFBC}") = "Swiks.Domain", "source\Swiks.Domain\Swiks.Domain.csproj", "{ED84C2B1-41CF-488A-A3DF-2FF0846955C0}"
EndProject
Project("{FAE04EC0-301F-11D3-BF4B-00C04F79EFBC}") = "Swiks.Repository", "source\Swiks.Repository\Swiks.Repository.csproj", "{2803F69C-4FAD-4CF1-AECF-37ECEC5CB82C}"
EndProject
Project("{FAE04EC0-301F-11D3-BF4B-00C04F79EFBC}") = "Swiks.Domain.Tests", "tests\Swiks.Domain.Tests\Swiks.Domain.Tests.csproj", "{1F17C79D-688D-421E-9A54-5DE8462A44DA}"
EndProject
Project("{FAE04EC0-301F-11D3-BF4B-00C04F79EFBC}") = "Swiks.API", "source\Swiks.API\Swiks.API.csproj", "{4EE775AC-1BB9-4A99-92BE-468AF787A7A5}"
EndProject
Global
	GlobalSection(SolutionConfigurationPlatforms) = preSolution
		Debug|Any CPU = Debug|Any CPU
		Release|Any CPU = Release|Any CPU
	EndGlobalSection
	GlobalSection(ProjectConfigurationPlatforms) = postSolution
		{ED84C2B1-41CF-488A-A3DF-2FF0846955C0}.Debug|Any CPU.ActiveCfg = Debug|Any CPU
		{ED84C2B1-41CF-488A-A3DF-2FF0846955C0}.Debug|Any CPU.Build.0 = Debug|Any CPU
		{ED84C2B1-41CF-488A-A3DF-2FF0846955C0}.Release|Any CPU.ActiveCfg = Release|Any CPU
		{ED84C2B1-41CF-488A-A3DF-2FF0846955C0}.Release|Any CPU.Build.0 = Release|Any CPU
		{2803F69C-4FAD-4CF1-AECF-37ECEC5CB82C}.Debug|Any CPU.ActiveCfg = Debug|Any CPU
		{2803F69C-4FAD-4CF1-AECF-37ECEC5CB82C}.Debug|Any CPU.Build.0 = Debug|Any CPU
		{2803F69C-4FAD-4CF1-AECF-37ECEC5CB82C}.Release|Any CPU.ActiveCfg = Release|Any CPU
		{2803F69C-4FAD-4CF1-AECF-37ECEC5CB82C}.Release|Any CPU.Build.0 = Release|Any CPU
		{1F17C79D-688D-421E-9A54-5DE8462A44DA}.Debug|Any CPU.ActiveCfg = Debug|Any CPU
		{1F17C79D-688D-421E-9A54-5DE8462A44DA}.Debug|Any CPU.Build.0 = Debug|Any CPU
		{1F17C79D-688D-421E-9A54-5DE8462A44DA}.Release|Any CPU.ActiveCfg = Release|Any CPU
		{1F17C79D-688D-421E-9A54-5DE8462A44DA}.Release|Any CPU.Build.0 = Release|Any CPU
		{4EE775AC-1BB9-4A99-92BE-468AF787A7A5}.Debug|Any CPU.ActiveCfg = Debug|Any CPU
		{4EE775AC-1BB9-4A99-92BE-468AF787A7A5}.Debug|Any CPU.Build.0 = Debug|Any CPU
		{4EE775AC-1BB9-4A99-92BE-468AF787A7A5}.Release|Any CPU.ActiveCfg = Release|Any CPU
		{4EE775AC-1BB9-4A99-92BE-468AF787A7A5}.Release|Any CPU.Build.0 = Release|Any CPU
	EndGlobalSection
	GlobalSection(SolutionProperties) = preSolution
		HideSolutionNode = FALSE
	EndGlobalSection
	GlobalSection(NestedProjects) = preSolution
		{ED84C2B1-41CF-488A-A3DF-2FF0846955C0} = {114FF471-7A89-4DA7-8EBB-249D58449FA3}
		{2803F69C-4FAD-4CF1-AECF-37ECEC5CB82C} = {7B1F20D5-66D3-4B3E-B9FE-2A83D712B727}
		{1F17C79D-688D-421E-9A54-5DE8462A44DA} = {5B5C87DC-CB35-4758-9AB4-9B2BB9E8C0ED}
		{4EE775AC-1BB9-4A99-92BE-468AF787A7A5} = {A57D2295-0924-4B5A-B6A2-B97522B7E2A8}
	EndGlobalSection
	GlobalSection(ExtensibilityGlobals) = postSolution
		SolutionGuid = {CECDBAD4-C167-4542-85E8-5308EBE15260}
	EndGlobalSection
EndGlobal
